
Microsoft Visual Studio Solution File, Format Version 12.00
# Visual Studio Version 17
VisualStudioVersion = 17.3.32929.385
MinimumVisualStudioVersion = 10.0.40219.1
Project("{FAE04EC0-301F-11D3-BF4B-00C04F79EFBC}") = "TpUtiles", "TpUtiles\TpUtiles.csproj", "{F04E6F30-F12C-4530-8960-F0868245C3CA}"
EndProject
Global
	GlobalSection(SolutionConfigurationPlatforms) = preSolution
		Debug|Any CPU = Debug|Any CPU
		Release|Any CPU = Release|Any CPU
	EndGlobalSection
	GlobalSection(ProjectConfigurationPlatforms) = postSolution
		{F04E6F30-F12C-4530-8960-F0868245C3CA}.Debug|Any CPU.ActiveCfg = Debug|Any CPU
		{F04E6F30-F12C-4530-8960-F0868245C3CA}.Debug|Any CPU.Build.0 = Debug|Any CPU
		{F04E6F30-F12C-4530-8960-F0868245C3CA}.Release|Any CPU.ActiveCfg = Release|Any CPU
		{F04E6F30-F12C-4530-8960-F0868245C3CA}.Release|Any CPU.Build.0 = Release|Any CPU
	EndGlobalSection
	GlobalSection(SolutionProperties) = preSolution
		HideSolutionNode = FALSE
	EndGlobalSection
	GlobalSection(ExtensibilityGlobals) = postSolution
		SolutionGuid = {E25055B0-3840-417D-8503-6EF8260FD094}
	EndGlobalSection
EndGlobal
